// !$*UTF8*$!
{
	archiveVersion = 1;
	classes = {
	};
	objectVersion = 50;
	objects = {

/* Begin PBXBuildFile section */
		BA0B389C287787520059B12A /* ViewModel.swift in Sources */ = {isa = PBXBuildFile; fileRef = BA0B389B287787520059B12A /* ViewModel.swift */; };
		BA0B389E287788010059B12A /* LoginViewModel.swift in Sources */ = {isa = PBXBuildFile; fileRef = BA0B389D287788010059B12A /* LoginViewModel.swift */; };
		BA0B38A02877881E0059B12A /* Controller.swift in Sources */ = {isa = PBXBuildFile; fileRef = BA0B389F2877881E0059B12A /* Controller.swift */; };
		BA4E07DA24A4902A00BF7D2B /* AppDelegate.swift in Sources */ = {isa = PBXBuildFile; fileRef = BA4E07D924A4902A00BF7D2B /* AppDelegate.swift */; };
		BA4E07E324A4902D00BF7D2B /* Assets.xcassets in Resources */ = {isa = PBXBuildFile; fileRef = BA4E07E224A4902D00BF7D2B /* Assets.xcassets */; };
		BA4E07E624A4902D00BF7D2B /* LaunchScreen.storyboard in Resources */ = {isa = PBXBuildFile; fileRef = BA4E07E424A4902D00BF7D2B /* LaunchScreen.storyboard */; };
		BA4E07F124A4905800BF7D2B /* Presentable.swift in Sources */ = {isa = PBXBuildFile; fileRef = BA4E07EE24A4905800BF7D2B /* Presentable.swift */; };
		BA4E07F224A4905800BF7D2B /* Router.swift in Sources */ = {isa = PBXBuildFile; fileRef = BA4E07EF24A4905800BF7D2B /* Router.swift */; };
		BA4E07F324A4905800BF7D2B /* Coordinator.swift in Sources */ = {isa = PBXBuildFile; fileRef = BA4E07F024A4905800BF7D2B /* Coordinator.swift */; };
		BA4E07F524A49B7000BF7D2B /* AppCoordinator.swift in Sources */ = {isa = PBXBuildFile; fileRef = BA4E07F424A49B7000BF7D2B /* AppCoordinator.swift */; };
		BA4E07F924A5AF4300BF7D2B /* HomeCoordinator.swift in Sources */ = {isa = PBXBuildFile; fileRef = BA4E07F824A5AF4300BF7D2B /* HomeCoordinator.swift */; };
		BA9A3C7824CAD99E008C97C1 /* Deeplink.swift in Sources */ = {isa = PBXBuildFile; fileRef = BA9A3C7724CAD99E008C97C1 /* Deeplink.swift */; };
		BA9A3C7B24CAF251008C97C1 /* CardCoordinator.swift in Sources */ = {isa = PBXBuildFile; fileRef = BA9A3C7A24CAF251008C97C1 /* CardCoordinator.swift */; };
		BA9A3C7E24CAF27D008C97C1 /* CardViewController.swift in Sources */ = {isa = PBXBuildFile; fileRef = BA9A3C7C24CAF27D008C97C1 /* CardViewController.swift */; };
		BA9A3C7F24CAF27D008C97C1 /* CardViewController.xib in Resources */ = {isa = PBXBuildFile; fileRef = BA9A3C7D24CAF27D008C97C1 /* CardViewController.xib */; };
		BA9A3C8224CAF28A008C97C1 /* CardDetailViewController.swift in Sources */ = {isa = PBXBuildFile; fileRef = BA9A3C8024CAF28A008C97C1 /* CardDetailViewController.swift */; };
		BA9A3C8324CAF28A008C97C1 /* CardDetailViewController.xib in Resources */ = {isa = PBXBuildFile; fileRef = BA9A3C8124CAF28A008C97C1 /* CardDetailViewController.xib */; };
		BA9A3C8524CB082E008C97C1 /* Combine+Extensions.swift in Sources */ = {isa = PBXBuildFile; fileRef = BA9A3C8424CB082E008C97C1 /* Combine+Extensions.swift */; };
		BAA67BA724C18E9100062F88 /* LoginViewController.swift in Sources */ = {isa = PBXBuildFile; fileRef = BAA67BA524C18E9100062F88 /* LoginViewController.swift */; };
		BAA67BA824C18E9100062F88 /* LoginViewController.xib in Resources */ = {isa = PBXBuildFile; fileRef = BAA67BA624C18E9100062F88 /* LoginViewController.xib */; };
		BAA67BAB24C18EBA00062F88 /* RegistrationViewController.swift in Sources */ = {isa = PBXBuildFile; fileRef = BAA67BA924C18EBA00062F88 /* RegistrationViewController.swift */; };
		BAA67BAC24C18EBA00062F88 /* RegistrationViewController.xib in Resources */ = {isa = PBXBuildFile; fileRef = BAA67BAA24C18EBA00062F88 /* RegistrationViewController.xib */; };
		BAA67BAF24C18ED900062F88 /* DashboardViewController.swift in Sources */ = {isa = PBXBuildFile; fileRef = BAA67BAD24C18ED900062F88 /* DashboardViewController.swift */; };
		BAA67BB024C18ED900062F88 /* DashboardViewController.xib in Resources */ = {isa = PBXBuildFile; fileRef = BAA67BAE24C18ED900062F88 /* DashboardViewController.xib */; };
		BAA67BB424C18F0F00062F88 /* ProfileViewController.swift in Sources */ = {isa = PBXBuildFile; fileRef = BAA67BB224C18F0F00062F88 /* ProfileViewController.swift */; };
		BAA67BB524C18F0F00062F88 /* ProfileViewController.xib in Resources */ = {isa = PBXBuildFile; fileRef = BAA67BB324C18F0F00062F88 /* ProfileViewController.xib */; };
		BAA67BB824C18F1D00062F88 /* EditProfileViewController.swift in Sources */ = {isa = PBXBuildFile; fileRef = BAA67BB624C18F1D00062F88 /* EditProfileViewController.swift */; };
		BAA67BB924C18F1D00062F88 /* EditProfileViewController.xib in Resources */ = {isa = PBXBuildFile; fileRef = BAA67BB724C18F1D00062F88 /* EditProfileViewController.xib */; };
		BAA67BBD24C18F3700062F88 /* SettingsViewController.swift in Sources */ = {isa = PBXBuildFile; fileRef = BAA67BBB24C18F3700062F88 /* SettingsViewController.swift */; };
		BAA67BBE24C18F3700062F88 /* SettingsViewController.xib in Resources */ = {isa = PBXBuildFile; fileRef = BAA67BBC24C18F3700062F88 /* SettingsViewController.xib */; };
		BAA67BC124C1C19900062F88 /* DashboardCoordinator.swift in Sources */ = {isa = PBXBuildFile; fileRef = BAA67BC024C1C19900062F88 /* DashboardCoordinator.swift */; };
		BAA67BC324C1C1DE00062F88 /* SettingsCoordinator.swift in Sources */ = {isa = PBXBuildFile; fileRef = BAA67BC224C1C1DE00062F88 /* SettingsCoordinator.swift */; };
		BAA67BC524C1C1FD00062F88 /* ProfileCoordinator.swift in Sources */ = {isa = PBXBuildFile; fileRef = BAA67BC424C1C1FD00062F88 /* ProfileCoordinator.swift */; };
		BAA67BC724C1C3B400062F88 /* LoginCoordinator.swift in Sources */ = {isa = PBXBuildFile; fileRef = BAA67BC624C1C3B400062F88 /* LoginCoordinator.swift */; };
		BAA67BCD24C1F1FA00062F88 /* UserManager.swift in Sources */ = {isa = PBXBuildFile; fileRef = BAA67BCC24C1F1FA00062F88 /* UserManager.swift */; };
		BAFF06BD28777BB500EDF33A /* Step.swift in Sources */ = {isa = PBXBuildFile; fileRef = BAFF06BC28777BB500EDF33A /* Step.swift */; };
/* End PBXBuildFile section */

/* Begin PBXFileReference section */
		BA0B389B287787520059B12A /* ViewModel.swift */ = {isa = PBXFileReference; lastKnownFileType = sourcecode.swift; path = ViewModel.swift; sourceTree = "<group>"; };
		BA0B389D287788010059B12A /* LoginViewModel.swift */ = {isa = PBXFileReference; lastKnownFileType = sourcecode.swift; path = LoginViewModel.swift; sourceTree = "<group>"; };
		BA0B389F2877881E0059B12A /* Controller.swift */ = {isa = PBXFileReference; lastKnownFileType = sourcecode.swift; path = Controller.swift; sourceTree = "<group>"; };
		BA4E07D624A4902A00BF7D2B /* CoordinatorExample.app */ = {isa = PBXFileReference; explicitFileType = wrapper.application; includeInIndex = 0; path = CoordinatorExample.app; sourceTree = BUILT_PRODUCTS_DIR; };
		BA4E07D924A4902A00BF7D2B /* AppDelegate.swift */ = {isa = PBXFileReference; lastKnownFileType = sourcecode.swift; path = AppDelegate.swift; sourceTree = "<group>"; };
		BA4E07E224A4902D00BF7D2B /* Assets.xcassets */ = {isa = PBXFileReference; lastKnownFileType = folder.assetcatalog; path = Assets.xcassets; sourceTree = "<group>"; };
		BA4E07E524A4902D00BF7D2B /* Base */ = {isa = PBXFileReference; lastKnownFileType = file.storyboard; name = Base; path = Base.lproj/LaunchScreen.storyboard; sourceTree = "<group>"; };
		BA4E07E724A4902D00BF7D2B /* Info.plist */ = {isa = PBXFileReference; lastKnownFileType = text.plist.xml; path = Info.plist; sourceTree = "<group>"; };
		BA4E07EE24A4905800BF7D2B /* Presentable.swift */ = {isa = PBXFileReference; fileEncoding = 4; lastKnownFileType = sourcecode.swift; path = Presentable.swift; sourceTree = "<group>"; };
		BA4E07EF24A4905800BF7D2B /* Router.swift */ = {isa = PBXFileReference; fileEncoding = 4; lastKnownFileType = sourcecode.swift; path = Router.swift; sourceTree = "<group>"; };
		BA4E07F024A4905800BF7D2B /* Coordinator.swift */ = {isa = PBXFileReference; fileEncoding = 4; lastKnownFileType = sourcecode.swift; path = Coordinator.swift; sourceTree = "<group>"; };
		BA4E07F424A49B7000BF7D2B /* AppCoordinator.swift */ = {isa = PBXFileReference; lastKnownFileType = sourcecode.swift; path = AppCoordinator.swift; sourceTree = "<group>"; };
		BA4E07F824A5AF4300BF7D2B /* HomeCoordinator.swift */ = {isa = PBXFileReference; lastKnownFileType = sourcecode.swift; path = HomeCoordinator.swift; sourceTree = "<group>"; };
		BA9A3C7724CAD99E008C97C1 /* Deeplink.swift */ = {isa = PBXFileReference; lastKnownFileType = sourcecode.swift; path = Deeplink.swift; sourceTree = "<group>"; };
		BA9A3C7A24CAF251008C97C1 /* CardCoordinator.swift */ = {isa = PBXFileReference; lastKnownFileType = sourcecode.swift; path = CardCoordinator.swift; sourceTree = "<group>"; };
		BA9A3C7C24CAF27D008C97C1 /* CardViewController.swift */ = {isa = PBXFileReference; lastKnownFileType = sourcecode.swift; path = CardViewController.swift; sourceTree = "<group>"; };
		BA9A3C7D24CAF27D008C97C1 /* CardViewController.xib */ = {isa = PBXFileReference; lastKnownFileType = file.xib; path = CardViewController.xib; sourceTree = "<group>"; };
		BA9A3C8024CAF28A008C97C1 /* CardDetailViewController.swift */ = {isa = PBXFileReference; lastKnownFileType = sourcecode.swift; path = CardDetailViewController.swift; sourceTree = "<group>"; };
		BA9A3C8124CAF28A008C97C1 /* CardDetailViewController.xib */ = {isa = PBXFileReference; lastKnownFileType = file.xib; path = CardDetailViewController.xib; sourceTree = "<group>"; };
		BA9A3C8424CB082E008C97C1 /* Combine+Extensions.swift */ = {isa = PBXFileReference; lastKnownFileType = sourcecode.swift; path = "Combine+Extensions.swift"; sourceTree = "<group>"; };
		BAA67BA524C18E9100062F88 /* LoginViewController.swift */ = {isa = PBXFileReference; lastKnownFileType = sourcecode.swift; path = LoginViewController.swift; sourceTree = "<group>"; };
		BAA67BA624C18E9100062F88 /* LoginViewController.xib */ = {isa = PBXFileReference; lastKnownFileType = file.xib; path = LoginViewController.xib; sourceTree = "<group>"; };
		BAA67BA924C18EBA00062F88 /* RegistrationViewController.swift */ = {isa = PBXFileReference; lastKnownFileType = sourcecode.swift; path = RegistrationViewController.swift; sourceTree = "<group>"; };
		BAA67BAA24C18EBA00062F88 /* RegistrationViewController.xib */ = {isa = PBXFileReference; lastKnownFileType = file.xib; path = RegistrationViewController.xib; sourceTree = "<group>"; };
		BAA67BAD24C18ED900062F88 /* DashboardViewController.swift */ = {isa = PBXFileReference; lastKnownFileType = sourcecode.swift; path = DashboardViewController.swift; sourceTree = "<group>"; };
		BAA67BAE24C18ED900062F88 /* DashboardViewController.xib */ = {isa = PBXFileReference; lastKnownFileType = file.xib; path = DashboardViewController.xib; sourceTree = "<group>"; };
		BAA67BB224C18F0F00062F88 /* ProfileViewController.swift */ = {isa = PBXFileReference; lastKnownFileType = sourcecode.swift; path = ProfileViewController.swift; sourceTree = "<group>"; };
		BAA67BB324C18F0F00062F88 /* ProfileViewController.xib */ = {isa = PBXFileReference; lastKnownFileType = file.xib; path = ProfileViewController.xib; sourceTree = "<group>"; };
		BAA67BB624C18F1D00062F88 /* EditProfileViewController.swift */ = {isa = PBXFileReference; lastKnownFileType = sourcecode.swift; path = EditProfileViewController.swift; sourceTree = "<group>"; };
		BAA67BB724C18F1D00062F88 /* EditProfileViewController.xib */ = {isa = PBXFileReference; lastKnownFileType = file.xib; path = EditProfileViewController.xib; sourceTree = "<group>"; };
		BAA67BBB24C18F3700062F88 /* SettingsViewController.swift */ = {isa = PBXFileReference; lastKnownFileType = sourcecode.swift; path = SettingsViewController.swift; sourceTree = "<group>"; };
		BAA67BBC24C18F3700062F88 /* SettingsViewController.xib */ = {isa = PBXFileReference; lastKnownFileType = file.xib; path = SettingsViewController.xib; sourceTree = "<group>"; };
		BAA67BC024C1C19900062F88 /* DashboardCoordinator.swift */ = {isa = PBXFileReference; lastKnownFileType = sourcecode.swift; path = DashboardCoordinator.swift; sourceTree = "<group>"; };
		BAA67BC224C1C1DE00062F88 /* SettingsCoordinator.swift */ = {isa = PBXFileReference; lastKnownFileType = sourcecode.swift; path = SettingsCoordinator.swift; sourceTree = "<group>"; };
		BAA67BC424C1C1FD00062F88 /* ProfileCoordinator.swift */ = {isa = PBXFileReference; lastKnownFileType = sourcecode.swift; path = ProfileCoordinator.swift; sourceTree = "<group>"; };
		BAA67BC624C1C3B400062F88 /* LoginCoordinator.swift */ = {isa = PBXFileReference; lastKnownFileType = sourcecode.swift; path = LoginCoordinator.swift; sourceTree = "<group>"; };
		BAA67BCC24C1F1FA00062F88 /* UserManager.swift */ = {isa = PBXFileReference; lastKnownFileType = sourcecode.swift; path = UserManager.swift; sourceTree = "<group>"; };
		BAFF06BC28777BB500EDF33A /* Step.swift */ = {isa = PBXFileReference; lastKnownFileType = sourcecode.swift; path = Step.swift; sourceTree = "<group>"; };
/* End PBXFileReference section */

/* Begin PBXFrameworksBuildPhase section */
		BA4E07D324A4902A00BF7D2B /* Frameworks */ = {
			isa = PBXFrameworksBuildPhase;
			buildActionMask = 2147483647;
			files = (
			);
			runOnlyForDeploymentPostprocessing = 0;
		};
/* End PBXFrameworksBuildPhase section */

/* Begin PBXGroup section */
		BA4E07CD24A4902A00BF7D2B = {
			isa = PBXGroup;
			children = (
				BA4E07D824A4902A00BF7D2B /* CoordinatorExample */,
				BA4E07D724A4902A00BF7D2B /* Products */,
			);
			sourceTree = "<group>";
		};
		BA4E07D724A4902A00BF7D2B /* Products */ = {
			isa = PBXGroup;
			children = (
				BA4E07D624A4902A00BF7D2B /* CoordinatorExample.app */,
			);
			name = Products;
			sourceTree = "<group>";
		};
		BA4E07D824A4902A00BF7D2B /* CoordinatorExample */ = {
			isa = PBXGroup;
			children = (
				BA4E07E724A4902D00BF7D2B /* Info.plist */,
				BA4E07D924A4902A00BF7D2B /* AppDelegate.swift */,
				BA4E07FA24A5AF7300BF7D2B /* SupportingFiles */,
				BA4E07ED24A4904700BF7D2B /* Architecture */,
				BA4E07F624A5AF2400BF7D2B /* UI */,
			);
			path = CoordinatorExample;
			sourceTree = "<group>";
		};
		BA4E07ED24A4904700BF7D2B /* Architecture */ = {
			isa = PBXGroup;
			children = (
				BA4E07F024A4905800BF7D2B /* Coordinator.swift */,
				BA4E07EF24A4905800BF7D2B /* Router.swift */,
				BA4E07EE24A4905800BF7D2B /* Presentable.swift */,
				BA9A3C8424CB082E008C97C1 /* Combine+Extensions.swift */,
				BA0B389B287787520059B12A /* ViewModel.swift */,
				BA0B389F2877881E0059B12A /* Controller.swift */,
			);
			path = Architecture;
			sourceTree = "<group>";
		};
		BA4E07F624A5AF2400BF7D2B /* UI */ = {
			isa = PBXGroup;
			children = (
				BAFF06BE28777BC300EDF33A /* Navigation */,
				BA4E07F424A49B7000BF7D2B /* AppCoordinator.swift */,
				BA9A3C7724CAD99E008C97C1 /* Deeplink.swift */,
				BAA67BA324C18E6E00062F88 /* Login */,
				BA4E07F724A5AF2900BF7D2B /* Home */,
				BA9A3C7924CAF239008C97C1 /* Card */,
				BAA67BBA24C18F2600062F88 /* Settings */,
				BAA67BB124C18F0000062F88 /* Profile */,
				BAA67BA224C18E5800062F88 /* Dashboard */,
				BAA67BCC24C1F1FA00062F88 /* UserManager.swift */,
			);
			path = UI;
			sourceTree = "<group>";
		};
		BA4E07F724A5AF2900BF7D2B /* Home */ = {
			isa = PBXGroup;
			children = (
				BA4E07F824A5AF4300BF7D2B /* HomeCoordinator.swift */,
			);
			path = Home;
			sourceTree = "<group>";
		};
		BA4E07FA24A5AF7300BF7D2B /* SupportingFiles */ = {
			isa = PBXGroup;
			children = (
				BA4E07E224A4902D00BF7D2B /* Assets.xcassets */,
				BA4E07E424A4902D00BF7D2B /* LaunchScreen.storyboard */,
			);
			path = SupportingFiles;
			sourceTree = "<group>";
		};
		BA9A3C7924CAF239008C97C1 /* Card */ = {
			isa = PBXGroup;
			children = (
				BA9A3C7A24CAF251008C97C1 /* CardCoordinator.swift */,
				BA9A3C8624CB2684008C97C1 /* View */,
			);
			path = Card;
			sourceTree = "<group>";
		};
		BA9A3C8624CB2684008C97C1 /* View */ = {
			isa = PBXGroup;
			children = (
				BA9A3C7C24CAF27D008C97C1 /* CardViewController.swift */,
				BA9A3C7D24CAF27D008C97C1 /* CardViewController.xib */,
				BA9A3C8024CAF28A008C97C1 /* CardDetailViewController.swift */,
				BA9A3C8124CAF28A008C97C1 /* CardDetailViewController.xib */,
			);
			path = View;
			sourceTree = "<group>";
		};
		BAA67BA224C18E5800062F88 /* Dashboard */ = {
			isa = PBXGroup;
			children = (
				BAA67BCB24C1C3DD00062F88 /* View */,
				BAA67BC024C1C19900062F88 /* DashboardCoordinator.swift */,
			);
			path = Dashboard;
			sourceTree = "<group>";
		};
		BAA67BA324C18E6E00062F88 /* Login */ = {
			isa = PBXGroup;
			children = (
				BAA67BC624C1C3B400062F88 /* LoginCoordinator.swift */,
				BAA67BC824C1C3BE00062F88 /* View */,
			);
			path = Login;
			sourceTree = "<group>";
		};
		BAA67BB124C18F0000062F88 /* Profile */ = {
			isa = PBXGroup;
			children = (
				BAA67BC924C1C3C900062F88 /* View */,
				BAA67BC424C1C1FD00062F88 /* ProfileCoordinator.swift */,
			);
			path = Profile;
			sourceTree = "<group>";
		};
		BAA67BBA24C18F2600062F88 /* Settings */ = {
			isa = PBXGroup;
			children = (
				BAA67BCA24C1C3D200062F88 /* View */,
				BAA67BC224C1C1DE00062F88 /* SettingsCoordinator.swift */,
			);
			path = Settings;
			sourceTree = "<group>";
		};
		BAA67BC824C1C3BE00062F88 /* View */ = {
			isa = PBXGroup;
			children = (
				BA0B389D287788010059B12A /* LoginViewModel.swift */,
				BAA67BA524C18E9100062F88 /* LoginViewController.swift */,
				BAA67BA624C18E9100062F88 /* LoginViewController.xib */,
				BAA67BA924C18EBA00062F88 /* RegistrationViewController.swift */,
				BAA67BAA24C18EBA00062F88 /* RegistrationViewController.xib */,
			);
			path = View;
			sourceTree = "<group>";
		};
		BAA67BC924C1C3C900062F88 /* View */ = {
			isa = PBXGroup;
			children = (
				BAA67BB224C18F0F00062F88 /* ProfileViewController.swift */,
				BAA67BB324C18F0F00062F88 /* ProfileViewController.xib */,
				BAA67BB624C18F1D00062F88 /* EditProfileViewController.swift */,
				BAA67BB724C18F1D00062F88 /* EditProfileViewController.xib */,
			);
			path = View;
			sourceTree = "<group>";
		};
		BAA67BCA24C1C3D200062F88 /* View */ = {
			isa = PBXGroup;
			children = (
				BAA67BBB24C18F3700062F88 /* SettingsViewController.swift */,
				BAA67BBC24C18F3700062F88 /* SettingsViewController.xib */,
			);
			path = View;
			sourceTree = "<group>";
		};
		BAA67BCB24C1C3DD00062F88 /* View */ = {
			isa = PBXGroup;
			children = (
				BAA67BAD24C18ED900062F88 /* DashboardViewController.swift */,
				BAA67BAE24C18ED900062F88 /* DashboardViewController.xib */,
			);
			path = View;
			sourceTree = "<group>";
		};
		BAFF06BE28777BC300EDF33A /* Navigation */ = {
			isa = PBXGroup;
			children = (
				BAFF06BC28777BB500EDF33A /* Step.swift */,
			);
			path = Navigation;
			sourceTree = "<group>";
		};
/* End PBXGroup section */

/* Begin PBXNativeTarget section */
		BA4E07D524A4902A00BF7D2B /* CoordinatorExample */ = {
			isa = PBXNativeTarget;
			buildConfigurationList = BA4E07EA24A4902E00BF7D2B /* Build configuration list for PBXNativeTarget "CoordinatorExample" */;
			buildPhases = (
				BA4E07D224A4902A00BF7D2B /* Sources */,
				BA4E07D324A4902A00BF7D2B /* Frameworks */,
				BA4E07D424A4902A00BF7D2B /* Resources */,
			);
			buildRules = (
			);
			dependencies = (
			);
			name = CoordinatorExample;
			productName = CoordinatorExample;
			productReference = BA4E07D624A4902A00BF7D2B /* CoordinatorExample.app */;
			productType = "com.apple.product-type.application";
		};
/* End PBXNativeTarget section */

/* Begin PBXProject section */
		BA4E07CE24A4902A00BF7D2B /* Project object */ = {
			isa = PBXProject;
			attributes = {
				LastSwiftUpdateCheck = 1140;
				LastUpgradeCheck = 1140;
				ORGANIZATIONNAME = MinhChu;
				TargetAttributes = {
					BA4E07D524A4902A00BF7D2B = {
						CreatedOnToolsVersion = 11.4.1;
					};
				};
			};
			buildConfigurationList = BA4E07D124A4902A00BF7D2B /* Build configuration list for PBXProject "CoordinatorExample" */;
			compatibilityVersion = "Xcode 9.3";
			developmentRegion = en;
			hasScannedForEncodings = 0;
			knownRegions = (
				en,
				Base,
			);
			mainGroup = BA4E07CD24A4902A00BF7D2B;
			productRefGroup = BA4E07D724A4902A00BF7D2B /* Products */;
			projectDirPath = "";
			projectRoot = "";
			targets = (
				BA4E07D524A4902A00BF7D2B /* CoordinatorExample */,
			);
		};
/* End PBXProject section */

/* Begin PBXResourcesBuildPhase section */
		BA4E07D424A4902A00BF7D2B /* Resources */ = {
			isa = PBXResourcesBuildPhase;
			buildActionMask = 2147483647;
			files = (
				BAA67BB524C18F0F00062F88 /* ProfileViewController.xib in Resources */,
				BA4E07E624A4902D00BF7D2B /* LaunchScreen.storyboard in Resources */,
				BAA67BAC24C18EBA00062F88 /* RegistrationViewController.xib in Resources */,
				BAA67BBE24C18F3700062F88 /* SettingsViewController.xib in Resources */,
				BAA67BB924C18F1D00062F88 /* EditProfileViewController.xib in Resources */,
				BA9A3C8324CAF28A008C97C1 /* CardDetailViewController.xib in Resources */,
				BAA67BB024C18ED900062F88 /* DashboardViewController.xib in Resources */,
				BA4E07E324A4902D00BF7D2B /* Assets.xcassets in Resources */,
				BAA67BA824C18E9100062F88 /* LoginViewController.xib in Resources */,
				BA9A3C7F24CAF27D008C97C1 /* CardViewController.xib in Resources */,
			);
			runOnlyForDeploymentPostprocessing = 0;
		};
/* End PBXResourcesBuildPhase section */

/* Begin PBXSourcesBuildPhase section */
		BA4E07D224A4902A00BF7D2B /* Sources */ = {
			isa = PBXSourcesBuildPhase;
			buildActionMask = 2147483647;
			files = (
				BAA67BC124C1C19900062F88 /* DashboardCoordinator.swift in Sources */,
				BAA67BB824C18F1D00062F88 /* EditProfileViewController.swift in Sources */,
				BAA67BA724C18E9100062F88 /* LoginViewController.swift in Sources */,
				BAA67BAF24C18ED900062F88 /* DashboardViewController.swift in Sources */,
				BA9A3C7B24CAF251008C97C1 /* CardCoordinator.swift in Sources */,
				BAA67BB424C18F0F00062F88 /* ProfileViewController.swift in Sources */,
				BA4E07F524A49B7000BF7D2B /* AppCoordinator.swift in Sources */,
				BA0B38A02877881E0059B12A /* Controller.swift in Sources */,
				BAFF06BD28777BB500EDF33A /* Step.swift in Sources */,
				BAA67BAB24C18EBA00062F88 /* RegistrationViewController.swift in Sources */,
				BA9A3C7E24CAF27D008C97C1 /* CardViewController.swift in Sources */,
				BA4E07F224A4905800BF7D2B /* Router.swift in Sources */,
				BA4E07DA24A4902A00BF7D2B /* AppDelegate.swift in Sources */,
				BA4E07F324A4905800BF7D2B /* Coordinator.swift in Sources */,
				BA0B389E287788010059B12A /* LoginViewModel.swift in Sources */,
				BA4E07F924A5AF4300BF7D2B /* HomeCoordinator.swift in Sources */,
				BA9A3C8224CAF28A008C97C1 /* CardDetailViewController.swift in Sources */,
				BAA67BC324C1C1DE00062F88 /* SettingsCoordinator.swift in Sources */,
				BA4E07F124A4905800BF7D2B /* Presentable.swift in Sources */,
				BAA67BC524C1C1FD00062F88 /* ProfileCoordinator.swift in Sources */,
				BA9A3C8524CB082E008C97C1 /* Combine+Extensions.swift in Sources */,
				BAA67BC724C1C3B400062F88 /* LoginCoordinator.swift in Sources */,
				BAA67BBD24C18F3700062F88 /* SettingsViewController.swift in Sources */,
				BAA67BCD24C1F1FA00062F88 /* UserManager.swift in Sources */,
				BA0B389C287787520059B12A /* ViewModel.swift in Sources */,
				BA9A3C7824CAD99E008C97C1 /* Deeplink.swift in Sources */,
			);
			runOnlyForDeploymentPostprocessing = 0;
		};
/* End PBXSourcesBuildPhase section */

/* Begin PBXVariantGroup section */
		BA4E07E424A4902D00BF7D2B /* LaunchScreen.storyboard */ = {
			isa = PBXVariantGroup;
			children = (
				BA4E07E524A4902D00BF7D2B /* Base */,
			);
			name = LaunchScreen.storyboard;
			sourceTree = "<group>";
		};
/* End PBXVariantGroup section */

/* Begin XCBuildConfiguration section */
		BA4E07E824A4902D00BF7D2B /* Debug */ = {
			isa = XCBuildConfiguration;
			buildSettings = {
				ALWAYS_SEARCH_USER_PATHS = NO;
				CLANG_ANALYZER_NONNULL = YES;
				CLANG_ANALYZER_NUMBER_OBJECT_CONVERSION = YES_AGGRESSIVE;
				CLANG_CXX_LANGUAGE_STANDARD = "gnu++14";
				CLANG_CXX_LIBRARY = "libc++";
				CLANG_ENABLE_MODULES = YES;
				CLANG_ENABLE_OBJC_ARC = YES;
				CLANG_ENABLE_OBJC_WEAK = YES;
				CLANG_WARN_BLOCK_CAPTURE_AUTORELEASING = YES;
				CLANG_WARN_BOOL_CONVERSION = YES;
				CLANG_WARN_COMMA = YES;
				CLANG_WARN_CONSTANT_CONVERSION = YES;
				CLANG_WARN_DEPRECATED_OBJC_IMPLEMENTATIONS = YES;
				CLANG_WARN_DIRECT_OBJC_ISA_USAGE = YES_ERROR;
				CLANG_WARN_DOCUMENTATION_COMMENTS = YES;
				CLANG_WARN_EMPTY_BODY = YES;
				CLANG_WARN_ENUM_CONVERSION = YES;
				CLANG_WARN_INFINITE_RECURSION = YES;
				CLANG_WARN_INT_CONVERSION = YES;
				CLANG_WARN_NON_LITERAL_NULL_CONVERSION = YES;
				CLANG_WARN_OBJC_IMPLICIT_RETAIN_SELF = YES;
				CLANG_WARN_OBJC_LITERAL_CONVERSION = YES;
				CLANG_WARN_OBJC_ROOT_CLASS = YES_ERROR;
				CLANG_WARN_RANGE_LOOP_ANALYSIS = YES;
				CLANG_WARN_STRICT_PROTOTYPES = YES;
				CLANG_WARN_SUSPICIOUS_MOVE = YES;
				CLANG_WARN_UNGUARDED_AVAILABILITY = YES_AGGRESSIVE;
				CLANG_WARN_UNREACHABLE_CODE = YES;
				CLANG_WARN__DUPLICATE_METHOD_MATCH = YES;
				COPY_PHASE_STRIP = NO;
				DEBUG_INFORMATION_FORMAT = dwarf;
				ENABLE_STRICT_OBJC_MSGSEND = YES;
				ENABLE_TESTABILITY = YES;
				GCC_C_LANGUAGE_STANDARD = gnu11;
				GCC_DYNAMIC_NO_PIC = NO;
				GCC_NO_COMMON_BLOCKS = YES;
				GCC_OPTIMIZATION_LEVEL = 0;
				GCC_PREPROCESSOR_DEFINITIONS = (
					"DEBUG=1",
					"$(inherited)",
				);
				GCC_WARN_64_TO_32_BIT_CONVERSION = YES;
				GCC_WARN_ABOUT_RETURN_TYPE = YES_ERROR;
				GCC_WARN_UNDECLARED_SELECTOR = YES;
				GCC_WARN_UNINITIALIZED_AUTOS = YES_AGGRESSIVE;
				GCC_WARN_UNUSED_FUNCTION = YES;
				GCC_WARN_UNUSED_VARIABLE = YES;
				IPHONEOS_DEPLOYMENT_TARGET = 13.4;
				MTL_ENABLE_DEBUG_INFO = INCLUDE_SOURCE;
				MTL_FAST_MATH = YES;
				ONLY_ACTIVE_ARCH = YES;
				SDKROOT = iphoneos;
				SWIFT_ACTIVE_COMPILATION_CONDITIONS = DEBUG;
				SWIFT_OPTIMIZATION_LEVEL = "-Onone";
			};
			name = Debug;
		};
		BA4E07E924A4902D00BF7D2B /* Release */ = {
			isa = XCBuildConfiguration;
			buildSettings = {
				ALWAYS_SEARCH_USER_PATHS = NO;
				CLANG_ANALYZER_NONNULL = YES;
				CLANG_ANALYZER_NUMBER_OBJECT_CONVERSION = YES_AGGRESSIVE;
				CLANG_CXX_LANGUAGE_STANDARD = "gnu++14";
				CLANG_CXX_LIBRARY = "libc++";
				CLANG_ENABLE_MODULES = YES;
				CLANG_ENABLE_OBJC_ARC = YES;
				CLANG_ENABLE_OBJC_WEAK = YES;
				CLANG_WARN_BLOCK_CAPTURE_AUTORELEASING = YES;
				CLANG_WARN_BOOL_CONVERSION = YES;
				CLANG_WARN_COMMA = YES;
				CLANG_WARN_CONSTANT_CONVERSION = YES;
				CLANG_WARN_DEPRECATED_OBJC_IMPLEMENTATIONS = YES;
				CLANG_WARN_DIRECT_OBJC_ISA_USAGE = YES_ERROR;
				CLANG_WARN_DOCUMENTATION_COMMENTS = YES;
				CLANG_WARN_EMPTY_BODY = YES;
				CLANG_WARN_ENUM_CONVERSION = YES;
				CLANG_WARN_INFINITE_RECURSION = YES;
				CLANG_WARN_INT_CONVERSION = YES;
				CLANG_WARN_NON_LITERAL_NULL_CONVERSION = YES;
				CLANG_WARN_OBJC_IMPLICIT_RETAIN_SELF = YES;
				CLANG_WARN_OBJC_LITERAL_CONVERSION = YES;
				CLANG_WARN_OBJC_ROOT_CLASS = YES_ERROR;
				CLANG_WARN_RANGE_LOOP_ANALYSIS = YES;
				CLANG_WARN_STRICT_PROTOTYPES = YES;
				CLANG_WARN_SUSPICIOUS_MOVE = YES;
				CLANG_WARN_UNGUARDED_AVAILABILITY = YES_AGGRESSIVE;
				CLANG_WARN_UNREACHABLE_CODE = YES;
				CLANG_WARN__DUPLICATE_METHOD_MATCH = YES;
				COPY_PHASE_STRIP = NO;
				DEBUG_INFORMATION_FORMAT = "dwarf-with-dsym";
				ENABLE_NS_ASSERTIONS = NO;
				ENABLE_STRICT_OBJC_MSGSEND = YES;
				GCC_C_LANGUAGE_STANDARD = gnu11;
				GCC_NO_COMMON_BLOCKS = YES;
				GCC_WARN_64_TO_32_BIT_CONVERSION = YES;
				GCC_WARN_ABOUT_RETURN_TYPE = YES_ERROR;
				GCC_WARN_UNDECLARED_SELECTOR = YES;
				GCC_WARN_UNINITIALIZED_AUTOS = YES_AGGRESSIVE;
				GCC_WARN_UNUSED_FUNCTION = YES;
				GCC_WARN_UNUSED_VARIABLE = YES;
				IPHONEOS_DEPLOYMENT_TARGET = 13.4;
				MTL_ENABLE_DEBUG_INFO = NO;
				MTL_FAST_MATH = YES;
				SDKROOT = iphoneos;
				SWIFT_COMPILATION_MODE = wholemodule;
				SWIFT_OPTIMIZATION_LEVEL = "-O";
				VALIDATE_PRODUCT = YES;
			};
			name = Release;
		};
		BA4E07EB24A4902E00BF7D2B /* Debug */ = {
			isa = XCBuildConfiguration;
			buildSettings = {
				ASSETCATALOG_COMPILER_APPICON_NAME = AppIcon;
				CODE_SIGN_STYLE = Automatic;
				DEVELOPMENT_TEAM = 3RQK3SM7DG;
				INFOPLIST_FILE = CoordinatorExample/Info.plist;
				LD_RUNPATH_SEARCH_PATHS = (
					"$(inherited)",
					"@executable_path/Frameworks",
				);
				PRODUCT_BUNDLE_IDENTIFIER = MinhChu.CoordinatorExample;
				PRODUCT_NAME = "$(TARGET_NAME)";
				SWIFT_VERSION = 5.0;
				TARGETED_DEVICE_FAMILY = "1,2";
			};
			name = Debug;
		};
		BA4E07EC24A4902E00BF7D2B /* Release */ = {
			isa = XCBuildConfiguration;
			buildSettings = {
				ASSETCATALOG_COMPILER_APPICON_NAME = AppIcon;
				CODE_SIGN_STYLE = Automatic;
				DEVELOPMENT_TEAM = 3RQK3SM7DG;
				INFOPLIST_FILE = CoordinatorExample/Info.plist;
				LD_RUNPATH_SEARCH_PATHS = (
					"$(inherited)",
					"@executable_path/Frameworks",
				);
				PRODUCT_BUNDLE_IDENTIFIER = MinhChu.CoordinatorExample;
				PRODUCT_NAME = "$(TARGET_NAME)";
				SWIFT_VERSION = 5.0;
				TARGETED_DEVICE_FAMILY = "1,2";
			};
			name = Release;
		};
/* End XCBuildConfiguration section */

/* Begin XCConfigurationList section */
		BA4E07D124A4902A00BF7D2B /* Build configuration list for PBXProject "CoordinatorExample" */ = {
			isa = XCConfigurationList;
			buildConfigurations = (
				BA4E07E824A4902D00BF7D2B /* Debug */,
				BA4E07E924A4902D00BF7D2B /* Release */,
			);
			defaultConfigurationIsVisible = 0;
			defaultConfigurationName = Release;
		};
		BA4E07EA24A4902E00BF7D2B /* Build configuration list for PBXNativeTarget "CoordinatorExample" */ = {
			isa = XCConfigurationList;
			buildConfigurations = (
				BA4E07EB24A4902E00BF7D2B /* Debug */,
				BA4E07EC24A4902E00BF7D2B /* Release */,
			);
			defaultConfigurationIsVisible = 0;
			defaultConfigurationName = Release;
		};
/* End XCConfigurationList section */
	};
	rootObject = BA4E07CE24A4902A00BF7D2B /* Project object */;
}
